
Microsoft Visual Studio Solution File, Format Version 12.00
# Visual Studio 15
VisualStudioVersion = 15.0.27004.2009
MinimumVisualStudioVersion = 10.0.40219.1
Project("{FAE04EC0-301F-11D3-BF4B-00C04F79EFBC}") = "AttributeWrangler", "AttributeWrangler\AttributeWrangler.csproj", "{5B239E40-CD86-4B8F-8DB6-7DB105BF7B51}"
EndProject
Global
	GlobalSection(SolutionConfigurationPlatforms) = preSolution
		Debug|Any CPU = Debug|Any CPU
		Release|Any CPU = Release|Any CPU
	EndGlobalSection
	GlobalSection(ProjectConfigurationPlatforms) = postSolution
		{5B239E40-CD86-4B8F-8DB6-7DB105BF7B51}.Debug|Any CPU.ActiveCfg = Debug|Any CPU
		{5B239E40-CD86-4B8F-8DB6-7DB105BF7B51}.Debug|Any CPU.Build.0 = Debug|Any CPU
		{5B239E40-CD86-4B8F-8DB6-7DB105BF7B51}.Release|Any CPU.ActiveCfg = Release|Any CPU
		{5B239E40-CD86-4B8F-8DB6-7DB105BF7B51}.Release|Any CPU.Build.0 = Release|Any CPU
	EndGlobalSection
	GlobalSection(SolutionProperties) = preSolution
		HideSolutionNode = FALSE
	EndGlobalSection
	GlobalSection(ExtensibilityGlobals) = postSolution
		SolutionGuid = {FB293C41-B8DB-4DB5-85D2-CBA40ECC3210}
	EndGlobalSection
EndGlobal
